
Microsoft Visual Studio Solution File, Format Version 10.00
# Visual Studio 2008
Project("{D183A3D8-5FD8-494B-B014-37F57B35E655}") = "test1", "test1\test1.dtproj", "{85B27E97-5F89-4B78-B3BC-801B0B1F4755}"
EndProject
Global
	GlobalSection(SolutionConfigurationPlatforms) = preSolution
		Development|Default = Development|Default
	EndGlobalSection
	GlobalSection(ProjectConfigurationPlatforms) = postSolution
		{85B27E97-5F89-4B78-B3BC-801B0B1F4755}.Development|Default.ActiveCfg = Development
		{85B27E97-5F89-4B78-B3BC-801B0B1F4755}.Development|Default.Build.0 = Development
	EndGlobalSection
	GlobalSection(SolutionProperties) = preSolution
		HideSolutionNode = FALSE
	EndGlobalSection
EndGlobal
